// !$*UTF8*$!
{
	archiveVersion = 1;
	classes = {
	};
	objectVersion = 46;
	objects = {

/* Begin PBXBuildFile section */
		4F8844DB1F24C07600B28B7A /* AppDelegate.swift in Sources */ = {isa = PBXBuildFile; fileRef = 4F8844DA1F24C07600B28B7A /* AppDelegate.swift */; };
		4F8844DD1F24C07600B28B7A /* ViewController.swift in Sources */ = {isa = PBXBuildFile; fileRef = 4F8844DC1F24C07600B28B7A /* ViewController.swift */; };
		4F8844E01F24C07600B28B7A /* Main.storyboard in Resources */ = {isa = PBXBuildFile; fileRef = 4F8844DE1F24C07600B28B7A /* Main.storyboard */; };
		4F8844E21F24C07600B28B7A /* Assets.xcassets in Resources */ = {isa = PBXBuildFile; fileRef = 4F8844E11F24C07600B28B7A /* Assets.xcassets */; };
		4F8844E51F24C07600B28B7A /* LaunchScreen.storyboard in Resources */ = {isa = PBXBuildFile; fileRef = 4F8844E31F24C07600B28B7A /* LaunchScreen.storyboard */; };
		4FB9E4341F35A42D004F02AF /* IconDrawer.swift in Sources */ = {isa = PBXBuildFile; fileRef = 4FB9E4311F35A42C004F02AF /* IconDrawer.swift */; };
		4FB9E4351F35A42D004F02AF /* JDPresentingViewController.xib in Resources */ = {isa = PBXBuildFile; fileRef = 4FB9E4321F35A42C004F02AF /* JDPresentingViewController.xib */; };
		4FB9E4361F35A42D004F02AF /* JDProcessingViewController.xib in Resources */ = {isa = PBXBuildFile; fileRef = 4FB9E4331F35A42C004F02AF /* JDProcessingViewController.xib */; };
		4FB9E43C1F35A439004F02AF /* JDBufferToVideo.swift in Sources */ = {isa = PBXBuildFile; fileRef = 4FB9E4371F35A439004F02AF /* JDBufferToVideo.swift */; };
		4FB9E43D1F35A439004F02AF /* JDPresentingViewController.swift in Sources */ = {isa = PBXBuildFile; fileRef = 4FB9E4381F35A439004F02AF /* JDPresentingViewController.swift */; };
		4FB9E43E1F35A439004F02AF /* JDProcessingViewController.swift in Sources */ = {isa = PBXBuildFile; fileRef = 4FB9E4391F35A439004F02AF /* JDProcessingViewController.swift */; };
		4FB9E43F1F35A439004F02AF /* JDVideoKit.swift in Sources */ = {isa = PBXBuildFile; fileRef = 4FB9E43A1F35A439004F02AF /* JDVideoKit.swift */; };
		4FB9E4401F35A439004F02AF /* PhotoAlbum.swift in Sources */ = {isa = PBXBuildFile; fileRef = 4FB9E43B1F35A439004F02AF /* PhotoAlbum.swift */; };
/* End PBXBuildFile section */

/* Begin PBXFileReference section */
		4F8844D71F24C07600B28B7A /* JDVideoKit.app */ = {isa = PBXFileReference; explicitFileType = wrapper.application; includeInIndex = 0; path = JDVideoKit.app; sourceTree = BUILT_PRODUCTS_DIR; };
		4F8844DA1F24C07600B28B7A /* AppDelegate.swift */ = {isa = PBXFileReference; lastKnownFileType = sourcecode.swift; path = AppDelegate.swift; sourceTree = "<group>"; };
		4F8844DC1F24C07600B28B7A /* ViewController.swift */ = {isa = PBXFileReference; lastKnownFileType = sourcecode.swift; path = ViewController.swift; sourceTree = "<group>"; };
		4F8844DF1F24C07600B28B7A /* Base */ = {isa = PBXFileReference; lastKnownFileType = file.storyboard; name = Base; path = Base.lproj/Main.storyboard; sourceTree = "<group>"; };
		4F8844E11F24C07600B28B7A /* Assets.xcassets */ = {isa = PBXFileReference; lastKnownFileType = folder.assetcatalog; path = Assets.xcassets; sourceTree = "<group>"; };
		4F8844E41F24C07600B28B7A /* Base */ = {isa = PBXFileReference; lastKnownFileType = file.storyboard; name = Base; path = Base.lproj/LaunchScreen.storyboard; sourceTree = "<group>"; };
		4F8844E61F24C07600B28B7A /* Info.plist */ = {isa = PBXFileReference; lastKnownFileType = text.plist.xml; path = Info.plist; sourceTree = "<group>"; };
		4FB9E4311F35A42C004F02AF /* IconDrawer.swift */ = {isa = PBXFileReference; fileEncoding = 4; lastKnownFileType = sourcecode.swift; name = IconDrawer.swift; path = JDVideoKit/Xib/IconDrawer.swift; sourceTree = "<group>"; };
		4FB9E4321F35A42C004F02AF /* JDPresentingViewController.xib */ = {isa = PBXFileReference; fileEncoding = 4; lastKnownFileType = file.xib; name = JDPresentingViewController.xib; path = JDVideoKit/Xib/JDPresentingViewController.xib; sourceTree = "<group>"; };
		4FB9E4331F35A42C004F02AF /* JDProcessingViewController.xib */ = {isa = PBXFileReference; fileEncoding = 4; lastKnownFileType = file.xib; name = JDProcessingViewController.xib; path = JDVideoKit/Xib/JDProcessingViewController.xib; sourceTree = "<group>"; };
		4FB9E4371F35A439004F02AF /* JDBufferToVideo.swift */ = {isa = PBXFileReference; fileEncoding = 4; lastKnownFileType = sourcecode.swift; name = JDBufferToVideo.swift; path = JDVideoKit/JDBufferToVideo.swift; sourceTree = "<group>"; };
		4FB9E4381F35A439004F02AF /* JDPresentingViewController.swift */ = {isa = PBXFileReference; fileEncoding = 4; lastKnownFileType = sourcecode.swift; name = JDPresentingViewController.swift; path = JDVideoKit/JDPresentingViewController.swift; sourceTree = "<group>"; };
		4FB9E4391F35A439004F02AF /* JDProcessingViewController.swift */ = {isa = PBXFileReference; fileEncoding = 4; lastKnownFileType = sourcecode.swift; name = JDProcessingViewController.swift; path = JDVideoKit/JDProcessingViewController.swift; sourceTree = "<group>"; };
		4FB9E43A1F35A439004F02AF /* JDVideoKit.swift */ = {isa = PBXFileReference; fileEncoding = 4; lastKnownFileType = sourcecode.swift; name = JDVideoKit.swift; path = JDVideoKit/JDVideoKit.swift; sourceTree = "<group>"; };
		4FB9E43B1F35A439004F02AF /* PhotoAlbum.swift */ = {isa = PBXFileReference; fileEncoding = 4; lastKnownFileType = sourcecode.swift; name = PhotoAlbum.swift; path = JDVideoKit/PhotoAlbum.swift; sourceTree = "<group>"; };
/* End PBXFileReference section */

/* Begin PBXFrameworksBuildPhase section */
		4F8844D41F24C07600B28B7A /* Frameworks */ = {
			isa = PBXFrameworksBuildPhase;
			buildActionMask = 2147483647;
			files = (
			);
			runOnlyForDeploymentPostprocessing = 0;
		};
/* End PBXFrameworksBuildPhase section */

/* Begin PBXGroup section */
		4F8844CE1F24C07600B28B7A = {
			isa = PBXGroup;
			children = (
				4F8844D91F24C07600B28B7A /* JDVideoKitExample */,
				4F8844D81F24C07600B28B7A /* Products */,
			);
			sourceTree = "<group>";
		};
		4F8844D81F24C07600B28B7A /* Products */ = {
			isa = PBXGroup;
			children = (
				4F8844D71F24C07600B28B7A /* JDVideoKit.app */,
			);
			name = Products;
			sourceTree = "<group>";
		};
		4F8844D91F24C07600B28B7A /* JDVideoKitExample */ = {
			isa = PBXGroup;
			children = (
				4FCD5ACD1F2738AA005453D3 /* JDVideoKit */,
				4F8844DA1F24C07600B28B7A /* AppDelegate.swift */,
				4F8844DC1F24C07600B28B7A /* ViewController.swift */,
				4F8844DE1F24C07600B28B7A /* Main.storyboard */,
				4F8844E11F24C07600B28B7A /* Assets.xcassets */,
				4F8844E31F24C07600B28B7A /* LaunchScreen.storyboard */,
				4F8844E61F24C07600B28B7A /* Info.plist */,
			);
			name = JDVideoKitExample;
			path = JDAVKit;
			sourceTree = "<group>";
		};
		4FCD5ACD1F2738AA005453D3 /* JDVideoKit */ = {
			isa = PBXGroup;
			children = (
				4FB9E4371F35A439004F02AF /* JDBufferToVideo.swift */,
				4FB9E4381F35A439004F02AF /* JDPresentingViewController.swift */,
				4FB9E4391F35A439004F02AF /* JDProcessingViewController.swift */,
				4FB9E43A1F35A439004F02AF /* JDVideoKit.swift */,
				4FB9E43B1F35A439004F02AF /* PhotoAlbum.swift */,
				4FD952711F2AE90400DC2ADF /* XIb */,
			);
			name = JDVideoKit;
			sourceTree = "<group>";
		};
		4FD952711F2AE90400DC2ADF /* XIb */ = {
			isa = PBXGroup;
			children = (
				4FB9E4311F35A42C004F02AF /* IconDrawer.swift */,
				4FB9E4321F35A42C004F02AF /* JDPresentingViewController.xib */,
				4FB9E4331F35A42C004F02AF /* JDProcessingViewController.xib */,
			);
			name = XIb;
			sourceTree = "<group>";
		};
/* End PBXGroup section */

/* Begin PBXNativeTarget section */
		4F8844D61F24C07600B28B7A /* JDVideoKit */ = {
			isa = PBXNativeTarget;
			buildConfigurationList = 4F8844E91F24C07600B28B7A /* Build configuration list for PBXNativeTarget "JDVideoKit" */;
			buildPhases = (
				4F8844D31F24C07600B28B7A /* Sources */,
				4F8844D41F24C07600B28B7A /* Frameworks */,
				4F8844D51F24C07600B28B7A /* Resources */,
			);
			buildRules = (
			);
			dependencies = (
			);
			name = JDVideoKit;
			productName = JDAVKit;
			productReference = 4F8844D71F24C07600B28B7A /* JDVideoKit.app */;
			productType = "com.apple.product-type.application";
		};
/* End PBXNativeTarget section */

/* Begin PBXProject section */
		4F8844CF1F24C07600B28B7A /* Project object */ = {
			isa = PBXProject;
			attributes = {
				LastSwiftUpdateCheck = 0830;
				LastUpgradeCheck = 0830;
				ORGANIZATIONNAME = james12345;
				TargetAttributes = {
					4F8844D61F24C07600B28B7A = {
						CreatedOnToolsVersion = 8.3.1;
						DevelopmentTeam = 857SMZQ3R8;
						ProvisioningStyle = Automatic;
					};
				};
			};
			buildConfigurationList = 4F8844D21F24C07600B28B7A /* Build configuration list for PBXProject "JDVideoKit" */;
			compatibilityVersion = "Xcode 3.2";
			developmentRegion = English;
			hasScannedForEncodings = 0;
			knownRegions = (
				en,
				Base,
			);
			mainGroup = 4F8844CE1F24C07600B28B7A;
			productRefGroup = 4F8844D81F24C07600B28B7A /* Products */;
			projectDirPath = "";
			projectRoot = "";
			targets = (
				4F8844D61F24C07600B28B7A /* JDVideoKit */,
			);
		};
/* End PBXProject section */

/* Begin PBXResourcesBuildPhase section */
		4F8844D51F24C07600B28B7A /* Resources */ = {
			isa = PBXResourcesBuildPhase;
			buildActionMask = 2147483647;
			files = (
				4F8844E51F24C07600B28B7A /* LaunchScreen.storyboard in Resources */,
				4FB9E4361F35A42D004F02AF /* JDProcessingViewController.xib in Resources */,
				4FB9E4351F35A42D004F02AF /* JDPresentingViewController.xib in Resources */,
				4F8844E21F24C07600B28B7A /* Assets.xcassets in Resources */,
				4F8844E01F24C07600B28B7A /* Main.storyboard in Resources */,
			);
			runOnlyForDeploymentPostprocessing = 0;
		};
/* End PBXResourcesBuildPhase section */

/* Begin PBXSourcesBuildPhase section */
		4F8844D31F24C07600B28B7A /* Sources */ = {
			isa = PBXSourcesBuildPhase;
			buildActionMask = 2147483647;
			files = (
				4FB9E43F1F35A439004F02AF /* JDVideoKit.swift in Sources */,
				4FB9E43D1F35A439004F02AF /* JDPresentingViewController.swift in Sources */,
				4F8844DD1F24C07600B28B7A /* ViewController.swift in Sources */,
				4FB9E43E1F35A439004F02AF /* JDProcessingViewController.swift in Sources */,
				4FB9E4341F35A42D004F02AF /* IconDrawer.swift in Sources */,
				4FB9E43C1F35A439004F02AF /* JDBufferToVideo.swift in Sources */,
				4FB9E4401F35A439004F02AF /* PhotoAlbum.swift in Sources */,
				4F8844DB1F24C07600B28B7A /* AppDelegate.swift in Sources */,
			);
			runOnlyForDeploymentPostprocessing = 0;
		};
/* End PBXSourcesBuildPhase section */

/* Begin PBXVariantGroup section */
		4F8844DE1F24C07600B28B7A /* Main.storyboard */ = {
			isa = PBXVariantGroup;
			children = (
				4F8844DF1F24C07600B28B7A /* Base */,
			);
			name = Main.storyboard;
			sourceTree = "<group>";
		};
		4F8844E31F24C07600B28B7A /* LaunchScreen.storyboard */ = {
			isa = PBXVariantGroup;
			children = (
				4F8844E41F24C07600B28B7A /* Base */,
			);
			name = LaunchScreen.storyboard;
			sourceTree = "<group>";
		};
/* End PBXVariantGroup section */

/* Begin XCBuildConfiguration section */
		4F8844E71F24C07600B28B7A /* Debug */ = {
			isa = XCBuildConfiguration;
			buildSettings = {
				ALWAYS_SEARCH_USER_PATHS = NO;
				CLANG_ANALYZER_NONNULL = YES;
				CLANG_ANALYZER_NUMBER_OBJECT_CONVERSION = YES_AGGRESSIVE;
				CLANG_CXX_LANGUAGE_STANDARD = "gnu++0x";
				CLANG_CXX_LIBRARY = "libc++";
				CLANG_ENABLE_MODULES = YES;
				CLANG_ENABLE_OBJC_ARC = YES;
				CLANG_WARN_BOOL_CONVERSION = YES;
				CLANG_WARN_CONSTANT_CONVERSION = YES;
				CLANG_WARN_DIRECT_OBJC_ISA_USAGE = YES_ERROR;
				CLANG_WARN_DOCUMENTATION_COMMENTS = YES;
				CLANG_WARN_EMPTY_BODY = YES;
				CLANG_WARN_ENUM_CONVERSION = YES;
				CLANG_WARN_INFINITE_RECURSION = YES;
				CLANG_WARN_INT_CONVERSION = YES;
				CLANG_WARN_OBJC_ROOT_CLASS = YES_ERROR;
				CLANG_WARN_SUSPICIOUS_MOVE = YES;
				CLANG_WARN_UNREACHABLE_CODE = YES;
				CLANG_WARN__DUPLICATE_METHOD_MATCH = YES;
				"CODE_SIGN_IDENTITY[sdk=iphoneos*]" = "iPhone Developer";
				COPY_PHASE_STRIP = NO;
				DEBUG_INFORMATION_FORMAT = dwarf;
				ENABLE_STRICT_OBJC_MSGSEND = YES;
				ENABLE_TESTABILITY = YES;
				GCC_C_LANGUAGE_STANDARD = gnu99;
				GCC_DYNAMIC_NO_PIC = NO;
				GCC_NO_COMMON_BLOCKS = YES;
				GCC_OPTIMIZATION_LEVEL = 0;
				GCC_PREPROCESSOR_DEFINITIONS = (
					"DEBUG=1",
					"$(inherited)",
				);
				GCC_WARN_64_TO_32_BIT_CONVERSION = YES;
				GCC_WARN_ABOUT_RETURN_TYPE = YES_ERROR;
				GCC_WARN_UNDECLARED_SELECTOR = YES;
				GCC_WARN_UNINITIALIZED_AUTOS = YES_AGGRESSIVE;
				GCC_WARN_UNUSED_FUNCTION = YES;
				GCC_WARN_UNUSED_VARIABLE = YES;
				IPHONEOS_DEPLOYMENT_TARGET = 10.3;
				MTL_ENABLE_DEBUG_INFO = YES;
				ONLY_ACTIVE_ARCH = YES;
				SDKROOT = iphoneos;
				SWIFT_ACTIVE_COMPILATION_CONDITIONS = DEBUG;
				SWIFT_OPTIMIZATION_LEVEL = "-Onone";
			};
			name = Debug;
		};
		4F8844E81F24C07600B28B7A /* Release */ = {
			isa = XCBuildConfiguration;
			buildSettings = {
				ALWAYS_SEARCH_USER_PATHS = NO;
				CLANG_ANALYZER_NONNULL = YES;
				CLANG_ANALYZER_NUMBER_OBJECT_CONVERSION = YES_AGGRESSIVE;
				CLANG_CXX_LANGUAGE_STANDARD = "gnu++0x";
				CLANG_CXX_LIBRARY = "libc++";
				CLANG_ENABLE_MODULES = YES;
				CLANG_ENABLE_OBJC_ARC = YES;
				CLANG_WARN_BOOL_CONVERSION = YES;
				CLANG_WARN_CONSTANT_CONVERSION = YES;
				CLANG_WARN_DIRECT_OBJC_ISA_USAGE = YES_ERROR;
				CLANG_WARN_DOCUMENTATION_COMMENTS = YES;
				CLANG_WARN_EMPTY_BODY = YES;
				CLANG_WARN_ENUM_CONVERSION = YES;
				CLANG_WARN_INFINITE_RECURSION = YES;
				CLANG_WARN_INT_CONVERSION = YES;
				CLANG_WARN_OBJC_ROOT_CLASS = YES_ERROR;
				CLANG_WARN_SUSPICIOUS_MOVE = YES;
				CLANG_WARN_UNREACHABLE_CODE = YES;
				CLANG_WARN__DUPLICATE_METHOD_MATCH = YES;
				"CODE_SIGN_IDENTITY[sdk=iphoneos*]" = "iPhone Developer";
				COPY_PHASE_STRIP = NO;
				DEBUG_INFORMATION_FORMAT = "dwarf-with-dsym";
				ENABLE_NS_ASSERTIONS = NO;
				ENABLE_STRICT_OBJC_MSGSEND = YES;
				GCC_C_LANGUAGE_STANDARD = gnu99;
				GCC_NO_COMMON_BLOCKS = YES;
				GCC_WARN_64_TO_32_BIT_CONVERSION = YES;
				GCC_WARN_ABOUT_RETURN_TYPE = YES_ERROR;
				GCC_WARN_UNDECLARED_SELECTOR = YES;
				GCC_WARN_UNINITIALIZED_AUTOS = YES_AGGRESSIVE;
				GCC_WARN_UNUSED_FUNCTION = YES;
				GCC_WARN_UNUSED_VARIABLE = YES;
				IPHONEOS_DEPLOYMENT_TARGET = 10.3;
				MTL_ENABLE_DEBUG_INFO = NO;
				SDKROOT = iphoneos;
				SWIFT_OPTIMIZATION_LEVEL = "-Owholemodule";
				VALIDATE_PRODUCT = YES;
			};
			name = Release;
		};
		4F8844EA1F24C07600B28B7A /* Debug */ = {
			isa = XCBuildConfiguration;
			buildSettings = {
				ASSETCATALOG_COMPILER_APPICON_NAME = AppIcon;
				DEVELOPMENT_TEAM = 857SMZQ3R8;
				INFOPLIST_FILE = JDAVKit/Info.plist;
				IPHONEOS_DEPLOYMENT_TARGET = 8.0;
				LD_RUNPATH_SEARCH_PATHS = "$(inherited) @executable_path/Frameworks";
				PRODUCT_BUNDLE_IDENTIFIER = com.jameskuo12345.JDAVKit;
				PRODUCT_NAME = "$(TARGET_NAME)";
				SWIFT_VERSION = 3.0;
			};
			name = Debug;
		};
		4F8844EB1F24C07600B28B7A /* Release */ = {
			isa = XCBuildConfiguration;
			buildSettings = {
				ASSETCATALOG_COMPILER_APPICON_NAME = AppIcon;
				DEVELOPMENT_TEAM = 857SMZQ3R8;
				INFOPLIST_FILE = JDAVKit/Info.plist;
				IPHONEOS_DEPLOYMENT_TARGET = 8.0;
				LD_RUNPATH_SEARCH_PATHS = "$(inherited) @executable_path/Frameworks";
				PRODUCT_BUNDLE_IDENTIFIER = com.jameskuo12345.JDAVKit;
				PRODUCT_NAME = "$(TARGET_NAME)";
				SWIFT_VERSION = 3.0;
			};
			name = Release;
		};
/* End XCBuildConfiguration section */

/* Begin XCConfigurationList section */
		4F8844D21F24C07600B28B7A /* Build configuration list for PBXProject "JDVideoKit" */ = {
			isa = XCConfigurationList;
			buildConfigurations = (
				4F8844E71F24C07600B28B7A /* Debug */,
				4F8844E81F24C07600B28B7A /* Release */,
			);
			defaultConfigurationIsVisible = 0;
			defaultConfigurationName = Release;
		};
		4F8844E91F24C07600B28B7A /* Build configuration list for PBXNativeTarget "JDVideoKit" */ = {
			isa = XCConfigurationList;
			buildConfigurations = (
				4F8844EA1F24C07600B28B7A /* Debug */,
				4F8844EB1F24C07600B28B7A /* Release */,
			);
			defaultConfigurationIsVisible = 0;
			defaultConfigurationName = Release;
		};
/* End XCConfigurationList section */
	};
	rootObject = 4F8844CF1F24C07600B28B7A /* Project object */;
}
